
Microsoft Visual Studio Solution File, Format Version 12.00
# Visual Studio Version 17
VisualStudioVersion = 17.0.31903.59
MinimumVisualStudioVersion = 10.0.40219.1
Project("{FAE04EC0-301F-11D3-BF4B-00C04F79EFBC}") = "RpgItemsCatalogApi.Domain", "RpgItemsCatalogApi.Domain\RpgItemsCatalogApi.Domain.csproj", "{9AA88FEB-BB0D-49DA-99AF-2251F3BB08B1}"
EndProject
Project("{FAE04EC0-301F-11D3-BF4B-00C04F79EFBC}") = "RpgItemsCatalogApi.Tests", "RpgItemsCatalogApi.Tests\RpgItemsCatalogApi.Tests.csproj", "{6F41CA64-A89A-4F16-A589-CF4316F71AC0}"
EndProject
Global
	GlobalSection(SolutionConfigurationPlatforms) = preSolution
		Debug|Any CPU = Debug|Any CPU
		Release|Any CPU = Release|Any CPU
	EndGlobalSection
	GlobalSection(SolutionProperties) = preSolution
		HideSolutionNode = FALSE
	EndGlobalSection
	GlobalSection(ProjectConfigurationPlatforms) = postSolution
		{9AA88FEB-BB0D-49DA-99AF-2251F3BB08B1}.Debug|Any CPU.ActiveCfg = Debug|Any CPU
		{9AA88FEB-BB0D-49DA-99AF-2251F3BB08B1}.Debug|Any CPU.Build.0 = Debug|Any CPU
		{9AA88FEB-BB0D-49DA-99AF-2251F3BB08B1}.Release|Any CPU.ActiveCfg = Release|Any CPU
		{9AA88FEB-BB0D-49DA-99AF-2251F3BB08B1}.Release|Any CPU.Build.0 = Release|Any CPU
		{6F41CA64-A89A-4F16-A589-CF4316F71AC0}.Debug|Any CPU.ActiveCfg = Debug|Any CPU
		{6F41CA64-A89A-4F16-A589-CF4316F71AC0}.Debug|Any CPU.Build.0 = Debug|Any CPU
		{6F41CA64-A89A-4F16-A589-CF4316F71AC0}.Release|Any CPU.ActiveCfg = Release|Any CPU
		{6F41CA64-A89A-4F16-A589-CF4316F71AC0}.Release|Any CPU.Build.0 = Release|Any CPU
	EndGlobalSection
EndGlobal
